PODS:
  - Cache (5.2.0)
  - christian_picker_image (0.0.1):
    - Flutter
    - Lightbox (~> 2.3.0)
  - Flutter (1.0.0)
  - Imaginary (4.2.0):
    - Cache (~> 5.0)
  - Lightbox (2.3.0):
    - Imaginary (~> 4.0)

DEPENDENCIES:
  - christian_picker_image (from `.symlinks/plugins/christian_picker_image/ios`)
  - Flutter (from `.symlinks/flutter/ios`)

SPEC REPOS:
  https://github.com/cocoapods/specs.git:
    - Cache
    - Imaginary
    - Lightbox

EXTERNAL SOURCES:
  christian_picker_image:
    :path: ".symlinks/plugins/christian_picker_image/ios"
  Flutter:
    :path: ".symlinks/flutter/ios"

SPEC CHECKSUMS:
  Cache: 807c5d86d01a177f06ede9865add3aea269bbfd4
  christian_picker_image: ffc0219d6636341af236a8cb629ca3784a28c437
  Flutter: 0e3d915762c693b495b44d77113d4970485de6ec
  Imaginary: dae33d06dbc2ada22f98afef5eb45cc061311a2c
  Lightbox: d317750e4132bfb871a5307cfe0a2c7d6a583c65

PODFILE CHECKSUM: 2c26e2bafa90f053205a9e99ab1fdce88251e293

COCOAPODS: 1.7.2
